
Microsoft Visual Studio Solution File, Format Version 11.00
# Visual Studio 2010
Project("{FAE04EC0-301F-11D3-BF4B-00C04F79EFBC}") = "bix", "bix\bix.csproj", "{A3DF122F-4C5C-45DA-8EBB-A00B1EAF1527}"
EndProject
Global
	GlobalSection(SolutionConfigurationPlatforms) = preSolution
		Debug|Any CPU = Debug|Any CPU
		Release|Any CPU = Release|Any CPU
	EndGlobalSection
	GlobalSection(ProjectConfigurationPlatforms) = postSolution
		{A3DF122F-4C5C-45DA-8EBB-A00B1EAF1527}.Debug|Any CPU.ActiveCfg = Debug|Any CPU
		{A3DF122F-4C5C-45DA-8EBB-A00B1EAF1527}.Debug|Any CPU.Build.0 = Debug|Any CPU
		{A3DF122F-4C5C-45DA-8EBB-A00B1EAF1527}.Release|Any CPU.ActiveCfg = Release|Any CPU
		{A3DF122F-4C5C-45DA-8EBB-A00B1EAF1527}.Release|Any CPU.Build.0 = Release|Any CPU
	EndGlobalSection
	GlobalSection(SolutionProperties) = preSolution
		HideSolutionNode = FALSE
	EndGlobalSection
EndGlobal
